
Microsoft Visual Studio Solution File, Format Version 12.00
# Visual Studio Version 17
VisualStudioVersion = 17.0.32112.339
MinimumVisualStudioVersion = 10.0.40219.1
Project("{9A19103F-16F7-4668-BE54-9A1E7A4F7556}") = "ConsolePractika1", "ConsolePractika1\ConsolePractika1.csproj", "{1596D2C0-E1F4-447A-AB74-96553A9CDC61}"
EndProject
Project("{9A19103F-16F7-4668-BE54-9A1E7A4F7556}") = "ConsoleAppDay2", "ConsoleAppDay2\ConsoleAppDay2.csproj", "{CD6F76CE-3D0D-45BE-989E-89588930A298}"
EndProject
Project("{9A19103F-16F7-4668-BE54-9A1E7A4F7556}") = "sqlite1", "sqlite1\sqlite1.csproj", "{307C1819-623F-41DE-BE94-2E9DF41CF209}"
EndProject
Project("{FAE04EC0-301F-11D3-BF4B-00C04F79EFBC}") = "WinFormsApp1", "WinFormsApp1\WinFormsApp1.csproj", "{A8BA8F22-0BE7-4EC4-8B4B-C088C2F8C428}"
EndProject
Global
	GlobalSection(SolutionConfigurationPlatforms) = preSolution
		Debug|Any CPU = Debug|Any CPU
		Release|Any CPU = Release|Any CPU
	EndGlobalSection
	GlobalSection(ProjectConfigurationPlatforms) = postSolution
		{1596D2C0-E1F4-447A-AB74-96553A9CDC61}.Debug|Any CPU.ActiveCfg = Debug|Any CPU
		{1596D2C0-E1F4-447A-AB74-96553A9CDC61}.Debug|Any CPU.Build.0 = Debug|Any CPU
		{1596D2C0-E1F4-447A-AB74-96553A9CDC61}.Release|Any CPU.ActiveCfg = Release|Any CPU
		{1596D2C0-E1F4-447A-AB74-96553A9CDC61}.Release|Any CPU.Build.0 = Release|Any CPU
		{CD6F76CE-3D0D-45BE-989E-89588930A298}.Debug|Any CPU.ActiveCfg = Debug|Any CPU
		{CD6F76CE-3D0D-45BE-989E-89588930A298}.Debug|Any CPU.Build.0 = Debug|Any CPU
		{CD6F76CE-3D0D-45BE-989E-89588930A298}.Release|Any CPU.ActiveCfg = Release|Any CPU
		{CD6F76CE-3D0D-45BE-989E-89588930A298}.Release|Any CPU.Build.0 = Release|Any CPU
		{307C1819-623F-41DE-BE94-2E9DF41CF209}.Debug|Any CPU.ActiveCfg = Debug|Any CPU
		{307C1819-623F-41DE-BE94-2E9DF41CF209}.Debug|Any CPU.Build.0 = Debug|Any CPU
		{307C1819-623F-41DE-BE94-2E9DF41CF209}.Release|Any CPU.ActiveCfg = Release|Any CPU
		{307C1819-623F-41DE-BE94-2E9DF41CF209}.Release|Any CPU.Build.0 = Release|Any CPU
		{A8BA8F22-0BE7-4EC4-8B4B-C088C2F8C428}.Debug|Any CPU.ActiveCfg = Debug|Any CPU
		{A8BA8F22-0BE7-4EC4-8B4B-C088C2F8C428}.Debug|Any CPU.Build.0 = Debug|Any CPU
		{A8BA8F22-0BE7-4EC4-8B4B-C088C2F8C428}.Release|Any CPU.ActiveCfg = Release|Any CPU
		{A8BA8F22-0BE7-4EC4-8B4B-C088C2F8C428}.Release|Any CPU.Build.0 = Release|Any CPU
	EndGlobalSection
	GlobalSection(SolutionProperties) = preSolution
		HideSolutionNode = FALSE
	EndGlobalSection
	GlobalSection(ExtensibilityGlobals) = postSolution
		SolutionGuid = {2CEF8741-F7DC-4BEA-8E64-C59F3DEEF761}
	EndGlobalSection
EndGlobal
